
Microsoft Visual Studio Solution File, Format Version 12.00
# Visual Studio 15
VisualStudioVersion = 15.0.28307.106
MinimumVisualStudioVersion = 10.0.40219.1
Project("{9A19103F-16F7-4668-BE54-9A1E7A4F7556}") = "Endeavor.Supervisor", "Endeavor.Supervisor\Endeavor.Supervisor.csproj", "{44FCC85B-C9D4-49B9-9D87-309E791BD70C}"
EndProject
Project("{9A19103F-16F7-4668-BE54-9A1E7A4F7556}") = "Endeavor.Supervisor.Service", "Endeavor.Supervisor.Service\Endeavor.Supervisor.Service.csproj", "{FC22F749-A665-4238-9254-76A8D1C6887E}"
EndProject
Global
	GlobalSection(SolutionConfigurationPlatforms) = preSolution
		Debug|Any CPU = Debug|Any CPU
		Release|Any CPU = Release|Any CPU
	EndGlobalSection
	GlobalSection(ProjectConfigurationPlatforms) = postSolution
		{44FCC85B-C9D4-49B9-9D87-309E791BD70C}.Debug|Any CPU.ActiveCfg = Debug|Any CPU
		{44FCC85B-C9D4-49B9-9D87-309E791BD70C}.Debug|Any CPU.Build.0 = Debug|Any CPU
		{44FCC85B-C9D4-49B9-9D87-309E791BD70C}.Release|Any CPU.ActiveCfg = Release|Any CPU
		{44FCC85B-C9D4-49B9-9D87-309E791BD70C}.Release|Any CPU.Build.0 = Release|Any CPU
		{FC22F749-A665-4238-9254-76A8D1C6887E}.Debug|Any CPU.ActiveCfg = Debug|Any CPU
		{FC22F749-A665-4238-9254-76A8D1C6887E}.Debug|Any CPU.Build.0 = Debug|Any CPU
		{FC22F749-A665-4238-9254-76A8D1C6887E}.Release|Any CPU.ActiveCfg = Release|Any CPU
		{FC22F749-A665-4238-9254-76A8D1C6887E}.Release|Any CPU.Build.0 = Release|Any CPU
	EndGlobalSection
	GlobalSection(SolutionProperties) = preSolution
		HideSolutionNode = FALSE
	EndGlobalSection
	GlobalSection(ExtensibilityGlobals) = postSolution
		SolutionGuid = {D819D3EF-5A0E-41D2-9BC6-E9BCF54F3B67}
	EndGlobalSection
EndGlobal
